
Microsoft Visual Studio Solution File, Format Version 12.00
# Visual Studio Version 17
VisualStudioVersion = 17.11.35222.181
MinimumVisualStudioVersion = 10.0.40219.1
Project("{FAE04EC0-301F-11D3-BF4B-00C04F79EFBC}") = "Student_Management", "Student_Management.csproj", "{D012BA05-2BE9-4BE2-B9AC-FB5B28BEDCC1}"
EndProject
Project("{9A19103F-16F7-4668-BE54-9A1E7A4F7556}") = "data_access", "..\data_access\data_access.csproj", "{D29F84F9-3154-492F-A9A1-9D0F452262BD}"
EndProject
Global
	GlobalSection(SolutionConfigurationPlatforms) = preSolution
		Debug|Any CPU = Debug|Any CPU
		Release|Any CPU = Release|Any CPU
	EndGlobalSection
	GlobalSection(ProjectConfigurationPlatforms) = postSolution
		{D012BA05-2BE9-4BE2-B9AC-FB5B28BEDCC1}.Debug|Any CPU.ActiveCfg = Debug|Any CPU
		{D012BA05-2BE9-4BE2-B9AC-FB5B28BEDCC1}.Debug|Any CPU.Build.0 = Debug|Any CPU
		{D012BA05-2BE9-4BE2-B9AC-FB5B28BEDCC1}.Release|Any CPU.ActiveCfg = Release|Any CPU
		{D012BA05-2BE9-4BE2-B9AC-FB5B28BEDCC1}.Release|Any CPU.Build.0 = Release|Any CPU
		{D29F84F9-3154-492F-A9A1-9D0F452262BD}.Debug|Any CPU.ActiveCfg = Debug|Any CPU
		{D29F84F9-3154-492F-A9A1-9D0F452262BD}.Debug|Any CPU.Build.0 = Debug|Any CPU
		{D29F84F9-3154-492F-A9A1-9D0F452262BD}.Release|Any CPU.ActiveCfg = Release|Any CPU
		{D29F84F9-3154-492F-A9A1-9D0F452262BD}.Release|Any CPU.Build.0 = Release|Any CPU
	EndGlobalSection
	GlobalSection(SolutionProperties) = preSolution
		HideSolutionNode = FALSE
	EndGlobalSection
	GlobalSection(ExtensibilityGlobals) = postSolution
		SolutionGuid = {DAB52A2C-1B0B-4026-A6AA-894B48675DDB}
	EndGlobalSection
EndGlobal
